
Microsoft Visual Studio Solution File, Format Version 12.00
# Visual Studio Version 17
VisualStudioVersion = 17.3.32819.101
MinimumVisualStudioVersion = 10.0.40219.1
Project("{FAE04EC0-301F-11D3-BF4B-00C04F79EFBC}") = "MongoQL.Api", "MongoQL.Api\MongoQL.Api.csproj", "{211FC75B-1072-4C9B-B272-A816A4FF2A0C}"
EndProject
Global
	GlobalSection(SolutionConfigurationPlatforms) = preSolution
		Debug|Any CPU = Debug|Any CPU
		Release|Any CPU = Release|Any CPU
	EndGlobalSection
	GlobalSection(ProjectConfigurationPlatforms) = postSolution
		{211FC75B-1072-4C9B-B272-A816A4FF2A0C}.Debug|Any CPU.ActiveCfg = Debug|Any CPU
		{211FC75B-1072-4C9B-B272-A816A4FF2A0C}.Debug|Any CPU.Build.0 = Debug|Any CPU
		{211FC75B-1072-4C9B-B272-A816A4FF2A0C}.Release|Any CPU.ActiveCfg = Release|Any CPU
		{211FC75B-1072-4C9B-B272-A816A4FF2A0C}.Release|Any CPU.Build.0 = Release|Any CPU
	EndGlobalSection
	GlobalSection(SolutionProperties) = preSolution
		HideSolutionNode = FALSE
	EndGlobalSection
	GlobalSection(ExtensibilityGlobals) = postSolution
		SolutionGuid = {4963470D-8016-41C4-974A-9C4778729857}
	EndGlobalSection
EndGlobal
